
Microsoft Visual Studio Solution File, Format Version 12.00
# Visual Studio Version 17
VisualStudioVersion = 17.3.32929.385
MinimumVisualStudioVersion = 10.0.40219.1
Project("{FAE04EC0-301F-11D3-BF4B-00C04F79EFBC}") = "AnnualLeaveManagement.Web", "AnnualLeaveManagement.Web\AnnualLeaveManagement.Web.csproj", "{A99D7CEF-052F-4A5E-AA69-55794D4F4F74}"
EndProject
Global
	GlobalSection(SolutionConfigurationPlatforms) = preSolution
		Debug|Any CPU = Debug|Any CPU
		Release|Any CPU = Release|Any CPU
	EndGlobalSection
	GlobalSection(ProjectConfigurationPlatforms) = postSolution
		{A99D7CEF-052F-4A5E-AA69-55794D4F4F74}.Debug|Any CPU.ActiveCfg = Debug|Any CPU
		{A99D7CEF-052F-4A5E-AA69-55794D4F4F74}.Debug|Any CPU.Build.0 = Debug|Any CPU
		{A99D7CEF-052F-4A5E-AA69-55794D4F4F74}.Release|Any CPU.ActiveCfg = Release|Any CPU
		{A99D7CEF-052F-4A5E-AA69-55794D4F4F74}.Release|Any CPU.Build.0 = Release|Any CPU
	EndGlobalSection
	GlobalSection(SolutionProperties) = preSolution
		HideSolutionNode = FALSE
	EndGlobalSection
	GlobalSection(ExtensibilityGlobals) = postSolution
		SolutionGuid = {925A566B-96FE-4A33-B724-323669912352}
	EndGlobalSection
EndGlobal
